
Microsoft Visual Studio Solution File, Format Version 12.00
# Visual Studio Version 17
VisualStudioVersion = 17.9.34728.123
MinimumVisualStudioVersion = 10.0.40219.1
Project("{FAE04EC0-301F-11D3-BF4B-00C04F79EFBC}") = "BathanysPieShopHRM", "BathanysPieShopHRM\BathanysPieShopHRM.csproj", "{F495C4A3-ECD0-4C24-ADF3-44C6BD0B7072}"
EndProject
Global
	GlobalSection(SolutionConfigurationPlatforms) = preSolution
		Debug|Any CPU = Debug|Any CPU
		Release|Any CPU = Release|Any CPU
	EndGlobalSection
	GlobalSection(ProjectConfigurationPlatforms) = postSolution
		{F495C4A3-ECD0-4C24-ADF3-44C6BD0B7072}.Debug|Any CPU.ActiveCfg = Debug|Any CPU
		{F495C4A3-ECD0-4C24-ADF3-44C6BD0B7072}.Debug|Any CPU.Build.0 = Debug|Any CPU
		{F495C4A3-ECD0-4C24-ADF3-44C6BD0B7072}.Release|Any CPU.ActiveCfg = Release|Any CPU
		{F495C4A3-ECD0-4C24-ADF3-44C6BD0B7072}.Release|Any CPU.Build.0 = Release|Any CPU
	EndGlobalSection
	GlobalSection(SolutionProperties) = preSolution
		HideSolutionNode = FALSE
	EndGlobalSection
	GlobalSection(ExtensibilityGlobals) = postSolution
		SolutionGuid = {9F48AB87-8186-48DD-86FA-F980CB299230}
	EndGlobalSection
EndGlobal
